
Microsoft Visual Studio Solution File, Format Version 12.00
Project("{FAE04EC0-301F-11D3-BF4B-00C04F79EFBC}") = "Lab_03", "Lab_03\Lab_03.csproj", "{75D5A1BD-A181-4BEB-93FD-004E27D14E91}"
EndProject
Project("{FAE04EC0-301F-11D3-BF4B-00C04F79EFBC}") = "Data", "Data\Data.csproj", "{2D4B903E-CB76-4DEC-89B0-7B3DE61E632B}"
EndProject
Global
	GlobalSection(SolutionConfigurationPlatforms) = preSolution
		Debug|Any CPU = Debug|Any CPU
		Release|Any CPU = Release|Any CPU
	EndGlobalSection
	GlobalSection(ProjectConfigurationPlatforms) = postSolution
		{75D5A1BD-A181-4BEB-93FD-004E27D14E91}.Debug|Any CPU.ActiveCfg = Debug|Any CPU
		{75D5A1BD-A181-4BEB-93FD-004E27D14E91}.Debug|Any CPU.Build.0 = Debug|Any CPU
		{75D5A1BD-A181-4BEB-93FD-004E27D14E91}.Release|Any CPU.ActiveCfg = Release|Any CPU
		{75D5A1BD-A181-4BEB-93FD-004E27D14E91}.Release|Any CPU.Build.0 = Release|Any CPU
		{2D4B903E-CB76-4DEC-89B0-7B3DE61E632B}.Debug|Any CPU.ActiveCfg = Debug|Any CPU
		{2D4B903E-CB76-4DEC-89B0-7B3DE61E632B}.Debug|Any CPU.Build.0 = Debug|Any CPU
		{2D4B903E-CB76-4DEC-89B0-7B3DE61E632B}.Release|Any CPU.ActiveCfg = Release|Any CPU
		{2D4B903E-CB76-4DEC-89B0-7B3DE61E632B}.Release|Any CPU.Build.0 = Release|Any CPU
	EndGlobalSection
EndGlobal
